
Microsoft Visual Studio Solution File, Format Version 12.00
# Visual Studio Version 17
VisualStudioVersion = 17.7.34009.444
MinimumVisualStudioVersion = 10.0.40219.1
Project("{FAE04EC0-301F-11D3-BF4B-00C04F79EFBC}") = "WindowsFormsApp5", "WindowsFormsApp5\WindowsFormsApp5.csproj", "{D2554EC0-7E8B-4CB6-A4AC-A74C2BA42320}"
EndProject
Global
	GlobalSection(SolutionConfigurationPlatforms) = preSolution
		Debug|Any CPU = Debug|Any CPU
		Release|Any CPU = Release|Any CPU
	EndGlobalSection
	GlobalSection(ProjectConfigurationPlatforms) = postSolution
		{D2554EC0-7E8B-4CB6-A4AC-A74C2BA42320}.Debug|Any CPU.ActiveCfg = Debug|Any CPU
		{D2554EC0-7E8B-4CB6-A4AC-A74C2BA42320}.Debug|Any CPU.Build.0 = Debug|Any CPU
		{D2554EC0-7E8B-4CB6-A4AC-A74C2BA42320}.Release|Any CPU.ActiveCfg = Release|Any CPU
		{D2554EC0-7E8B-4CB6-A4AC-A74C2BA42320}.Release|Any CPU.Build.0 = Release|Any CPU
	EndGlobalSection
	GlobalSection(SolutionProperties) = preSolution
		HideSolutionNode = FALSE
	EndGlobalSection
	GlobalSection(ExtensibilityGlobals) = postSolution
		SolutionGuid = {2F9F33D9-D402-44F5-A79B-58CAE6153167}
	EndGlobalSection
EndGlobal
